// !$*UTF8*$!
{
	archiveVersion = 1;
	classes = {
	};
	objectVersion = 46;
	objects = {

/* Begin PBXBuildFile section */
		B5C2A2381D833F6D006A1C76 /* AppDelegate.swift in Sources */ = {isa = PBXBuildFile; fileRef = B5C2A2371D833F6D006A1C76 /* AppDelegate.swift */; };
		B5C2A23A1D833F6D006A1C76 /* ViewController.swift in Sources */ = {isa = PBXBuildFile; fileRef = B5C2A2391D833F6D006A1C76 /* ViewController.swift */; };
		B5C2A23D1D833F6D006A1C76 /* Main.storyboard in Resources */ = {isa = PBXBuildFile; fileRef = B5C2A23B1D833F6D006A1C76 /* Main.storyboard */; };
		B5C2A23F1D833F6E006A1C76 /* Assets.xcassets in Resources */ = {isa = PBXBuildFile; fileRef = B5C2A23E1D833F6E006A1C76 /* Assets.xcassets */; };
		B5C2A2421D833F6E006A1C76 /* LaunchScreen.storyboard in Resources */ = {isa = PBXBuildFile; fileRef = B5C2A2401D833F6E006A1C76 /* LaunchScreen.storyboard */; };
		B5C2A24D1D833F6E006A1C76 /* CalculatorTests.swift in Sources */ = {isa = PBXBuildFile; fileRef = B5C2A24C1D833F6E006A1C76 /* CalculatorTests.swift */; };
		B5C2A2581D833F6E006A1C76 /* CalculatorUITests.swift in Sources */ = {isa = PBXBuildFile; fileRef = B5C2A2571D833F6E006A1C76 /* CalculatorUITests.swift */; };
/* End PBXBuildFile section */

/* Begin PBXContainerItemProxy section */
		B5C2A2491D833F6E006A1C76 /* PBXContainerItemProxy */ = {
			isa = PBXContainerItemProxy;
			containerPortal = B5C2A22C1D833F6D006A1C76 /* Project object */;
			proxyType = 1;
			remoteGlobalIDString = B5C2A2331D833F6D006A1C76;
			remoteInfo = Calculator;
		};
		B5C2A2541D833F6E006A1C76 /* PBXContainerItemProxy */ = {
			isa = PBXContainerItemProxy;
			containerPortal = B5C2A22C1D833F6D006A1C76 /* Project object */;
			proxyType = 1;
			remoteGlobalIDString = B5C2A2331D833F6D006A1C76;
			remoteInfo = Calculator;
		};
/* End PBXContainerItemProxy section */

/* Begin PBXFileReference section */
		B5C2A2341D833F6D006A1C76 /* Calculator.app */ = {isa = PBXFileReference; explicitFileType = wrapper.application; includeInIndex = 0; path = Calculator.app; sourceTree = BUILT_PRODUCTS_DIR; };
		B5C2A2371D833F6D006A1C76 /* AppDelegate.swift */ = {isa = PBXFileReference; lastKnownFileType = sourcecode.swift; path = AppDelegate.swift; sourceTree = "<group>"; };
		B5C2A2391D833F6D006A1C76 /* ViewController.swift */ = {isa = PBXFileReference; lastKnownFileType = sourcecode.swift; path = ViewController.swift; sourceTree = "<group>"; };
		B5C2A23C1D833F6D006A1C76 /* Base */ = {isa = PBXFileReference; lastKnownFileType = file.storyboard; name = Base; path = Base.lproj/Main.storyboard; sourceTree = "<group>"; };
		B5C2A23E1D833F6E006A1C76 /* Assets.xcassets */ = {isa = PBXFileReference; lastKnownFileType = folder.assetcatalog; path = Assets.xcassets; sourceTree = "<group>"; };
		B5C2A2411D833F6E006A1C76 /* Base */ = {isa = PBXFileReference; lastKnownFileType = file.storyboard; name = Base; path = Base.lproj/LaunchScreen.storyboard; sourceTree = "<group>"; };
		B5C2A2431D833F6E006A1C76 /* Info.plist */ = {isa = PBXFileReference; lastKnownFileType = text.plist.xml; path = Info.plist; sourceTree = "<group>"; };
		B5C2A2481D833F6E006A1C76 /* CalculatorTests.xctest */ = {isa = PBXFileReference; explicitFileType = wrapper.cfbundle; includeInIndex = 0; path = CalculatorTests.xctest; sourceTree = BUILT_PRODUCTS_DIR; };
		B5C2A24C1D833F6E006A1C76 /* CalculatorTests.swift */ = {isa = PBXFileReference; lastKnownFileType = sourcecode.swift; path = CalculatorTests.swift; sourceTree = "<group>"; };
		B5C2A24E1D833F6E006A1C76 /* Info.plist */ = {isa = PBXFileReference; lastKnownFileType = text.plist.xml; path = Info.plist; sourceTree = "<group>"; };
		B5C2A2531D833F6E006A1C76 /* CalculatorUITests.xctest */ = {isa = PBXFileReference; explicitFileType = wrapper.cfbundle; includeInIndex = 0; path = CalculatorUITests.xctest; sourceTree = BUILT_PRODUCTS_DIR; };
		B5C2A2571D833F6E006A1C76 /* CalculatorUITests.swift */ = {isa = PBXFileReference; lastKnownFileType = sourcecode.swift; path = CalculatorUITests.swift; sourceTree = "<group>"; };
		B5C2A2591D833F6E006A1C76 /* Info.plist */ = {isa = PBXFileReference; lastKnownFileType = text.plist.xml; path = Info.plist; sourceTree = "<group>"; };
/* End PBXFileReference section */

/* Begin PBXFrameworksBuildPhase section */
		B5C2A2311D833F6D006A1C76 /* Frameworks */ = {
			isa = PBXFrameworksBuildPhase;
			buildActionMask = 2147483647;
			files = (
			);
			runOnlyForDeploymentPostprocessing = 0;
		};
		B5C2A2451D833F6E006A1C76 /* Frameworks */ = {
			isa = PBXFrameworksBuildPhase;
			buildActionMask = 2147483647;
			files = (
			);
			runOnlyForDeploymentPostprocessing = 0;
		};
		B5C2A2501D833F6E006A1C76 /* Frameworks */ = {
			isa = PBXFrameworksBuildPhase;
			buildActionMask = 2147483647;
			files = (
			);
			runOnlyForDeploymentPostprocessing = 0;
		};
/* End PBXFrameworksBuildPhase section */

/* Begin PBXGroup section */
		B5C2A22B1D833F6D006A1C76 = {
			isa = PBXGroup;
			children = (
				B5C2A2361D833F6D006A1C76 /* Calculator */,
				B5C2A24B1D833F6E006A1C76 /* CalculatorTests */,
				B5C2A2561D833F6E006A1C76 /* CalculatorUITests */,
				B5C2A2351D833F6D006A1C76 /* Products */,
			);
			sourceTree = "<group>";
		};
		B5C2A2351D833F6D006A1C76 /* Products */ = {
			isa = PBXGroup;
			children = (
				B5C2A2341D833F6D006A1C76 /* Calculator.app */,
				B5C2A2481D833F6E006A1C76 /* CalculatorTests.xctest */,
				B5C2A2531D833F6E006A1C76 /* CalculatorUITests.xctest */,
			);
			name = Products;
			sourceTree = "<group>";
		};
		B5C2A2361D833F6D006A1C76 /* Calculator */ = {
			isa = PBXGroup;
			children = (
				B5C2A2371D833F6D006A1C76 /* AppDelegate.swift */,
				B5C2A2391D833F6D006A1C76 /* ViewController.swift */,
				B5C2A23B1D833F6D006A1C76 /* Main.storyboard */,
				B5C2A23E1D833F6E006A1C76 /* Assets.xcassets */,
				B5C2A2401D833F6E006A1C76 /* LaunchScreen.storyboard */,
				B5C2A2431D833F6E006A1C76 /* Info.plist */,
			);
			path = Calculator;
			sourceTree = "<group>";
		};
		B5C2A24B1D833F6E006A1C76 /* CalculatorTests */ = {
			isa = PBXGroup;
			children = (
				B5C2A24C1D833F6E006A1C76 /* CalculatorTests.swift */,
				B5C2A24E1D833F6E006A1C76 /* Info.plist */,
			);
			path = CalculatorTests;
			sourceTree = "<group>";
		};
		B5C2A2561D833F6E006A1C76 /* CalculatorUITests */ = {
			isa = PBXGroup;
			children = (
				B5C2A2571D833F6E006A1C76 /* CalculatorUITests.swift */,
				B5C2A2591D833F6E006A1C76 /* Info.plist */,
			);
			path = CalculatorUITests;
			sourceTree = "<group>";
		};
/* End PBXGroup section */

/* Begin PBXNativeTarget section */
		B5C2A2331D833F6D006A1C76 /* Calculator */ = {
			isa = PBXNativeTarget;
			buildConfigurationList = B5C2A25C1D833F6E006A1C76 /* Build configuration list for PBXNativeTarget "Calculator" */;
			buildPhases = (
				B5C2A2301D833F6D006A1C76 /* Sources */,
				B5C2A2311D833F6D006A1C76 /* Frameworks */,
				B5C2A2321D833F6D006A1C76 /* Resources */,
			);
			buildRules = (
			);
			dependencies = (
			);
			name = Calculator;
			productName = Calculator;
			productReference = B5C2A2341D833F6D006A1C76 /* Calculator.app */;
			productType = "com.apple.product-type.application";
		};
		B5C2A2471D833F6E006A1C76 /* CalculatorTests */ = {
			isa = PBXNativeTarget;
			buildConfigurationList = B5C2A25F1D833F6E006A1C76 /* Build configuration list for PBXNativeTarget "CalculatorTests" */;
			buildPhases = (
				B5C2A2441D833F6E006A1C76 /* Sources */,
				B5C2A2451D833F6E006A1C76 /* Frameworks */,
				B5C2A2461D833F6E006A1C76 /* Resources */,
			);
			buildRules = (
			);
			dependencies = (
				B5C2A24A1D833F6E006A1C76 /* PBXTargetDependency */,
			);
			name = CalculatorTests;
			productName = CalculatorTests;
			productReference = B5C2A2481D833F6E006A1C76 /* CalculatorTests.xctest */;
			productType = "com.apple.product-type.bundle.unit-test";
		};
		B5C2A2521D833F6E006A1C76 /* CalculatorUITests */ = {
			isa = PBXNativeTarget;
			buildConfigurationList = B5C2A2621D833F6E006A1C76 /* Build configuration list for PBXNativeTarget "CalculatorUITests" */;
			buildPhases = (
				B5C2A24F1D833F6E006A1C76 /* Sources */,
				B5C2A2501D833F6E006A1C76 /* Frameworks */,
				B5C2A2511D833F6E006A1C76 /* Resources */,
			);
			buildRules = (
			);
			dependencies = (
				B5C2A2551D833F6E006A1C76 /* PBXTargetDependency */,
			);
			name = CalculatorUITests;
			productName = CalculatorUITests;
			productReference = B5C2A2531D833F6E006A1C76 /* CalculatorUITests.xctest */;
			productType = "com.apple.product-type.bundle.ui-testing";
		};
/* End PBXNativeTarget section */

/* Begin PBXProject section */
		B5C2A22C1D833F6D006A1C76 /* Project object */ = {
			isa = PBXProject;
			attributes = {
				LastSwiftUpdateCheck = 0730;
				LastUpgradeCheck = 0730;
				ORGANIZATIONNAME = "Benjamin Su";
				TargetAttributes = {
					B5C2A2331D833F6D006A1C76 = {
						CreatedOnToolsVersion = 7.3.1;
					};
					B5C2A2471D833F6E006A1C76 = {
						CreatedOnToolsVersion = 7.3.1;
						TestTargetID = B5C2A2331D833F6D006A1C76;
					};
					B5C2A2521D833F6E006A1C76 = {
						CreatedOnToolsVersion = 7.3.1;
						TestTargetID = B5C2A2331D833F6D006A1C76;
					};
				};
			};
			buildConfigurationList = B5C2A22F1D833F6D006A1C76 /* Build configuration list for PBXProject "Calculator" */;
			compatibilityVersion = "Xcode 3.2";
			developmentRegion = English;
			hasScannedForEncodings = 0;
			knownRegions = (
				en,
				Base,
			);
			mainGroup = B5C2A22B1D833F6D006A1C76;
			productRefGroup = B5C2A2351D833F6D006A1C76 /* Products */;
			projectDirPath = "";
			projectRoot = "";
			targets = (
				B5C2A2331D833F6D006A1C76 /* Calculator */,
				B5C2A2471D833F6E006A1C76 /* CalculatorTests */,
				B5C2A2521D833F6E006A1C76 /* CalculatorUITests */,
			);
		};
/* End PBXProject section */

/* Begin PBXResourcesBuildPhase section */
		B5C2A2321D833F6D006A1C76 /* Resources */ = {
			isa = PBXResourcesBuildPhase;
			buildActionMask = 2147483647;
			files = (
				B5C2A2421D833F6E006A1C76 /* LaunchScreen.storyboard in Resources */,
				B5C2A23F1D833F6E006A1C76 /* Assets.xcassets in Resources */,
				B5C2A23D1D833F6D006A1C76 /* Main.storyboard in Resources */,
			);
			runOnlyForDeploymentPostprocessing = 0;
		};
		B5C2A2461D833F6E006A1C76 /* Resources */ = {
			isa = PBXResourcesBuildPhase;
			buildActionMask = 2147483647;
			files = (
			);
			runOnlyForDeploymentPostprocessing = 0;
		};
		B5C2A2511D833F6E006A1C76 /* Resources */ = {
			isa = PBXResourcesBuildPhase;
			buildActionMask = 2147483647;
			files = (
			);
			runOnlyForDeploymentPostprocessing = 0;
		};
/* End PBXResourcesBuildPhase section */

/* Begin PBXSourcesBuildPhase section */
		B5C2A2301D833F6D006A1C76 /* Sources */ = {
			isa = PBXSourcesBuildPhase;
			buildActionMask = 2147483647;
			files = (
				B5C2A23A1D833F6D006A1C76 /* ViewController.swift in Sources */,
				B5C2A2381D833F6D006A1C76 /* AppDelegate.swift in Sources */,
			);
			runOnlyForDeploymentPostprocessing = 0;
		};
		B5C2A2441D833F6E006A1C76 /* Sources */ = {
			isa = PBXSourcesBuildPhase;
			buildActionMask = 2147483647;
			files = (
				B5C2A24D1D833F6E006A1C76 /* CalculatorTests.swift in Sources */,
			);
			runOnlyForDeploymentPostprocessing = 0;
		};
		B5C2A24F1D833F6E006A1C76 /* Sources */ = {
			isa = PBXSourcesBuildPhase;
			buildActionMask = 2147483647;
			files = (
				B5C2A2581D833F6E006A1C76 /* CalculatorUITests.swift in Sources */,
			);
			runOnlyForDeploymentPostprocessing = 0;
		};
/* End PBXSourcesBuildPhase section */

/* Begin PBXTargetDependency section */
		B5C2A24A1D833F6E006A1C76 /* PBXTargetDependency */ = {
			isa = PBXTargetDependency;
			target = B5C2A2331D833F6D006A1C76 /* Calculator */;
			targetProxy = B5C2A2491D833F6E006A1C76 /* PBXContainerItemProxy */;
		};
		B5C2A2551D833F6E006A1C76 /* PBXTargetDependency */ = {
			isa = PBXTargetDependency;
			target = B5C2A2331D833F6D006A1C76 /* Calculator */;
			targetProxy = B5C2A2541D833F6E006A1C76 /* PBXContainerItemProxy */;
		};
/* End PBXTargetDependency section */

/* Begin PBXVariantGroup section */
		B5C2A23B1D833F6D006A1C76 /* Main.storyboard */ = {
			isa = PBXVariantGroup;
			children = (
				B5C2A23C1D833F6D006A1C76 /* Base */,
			);
			name = Main.storyboard;
			sourceTree = "<group>";
		};
		B5C2A2401D833F6E006A1C76 /* LaunchScreen.storyboard */ = {
			isa = PBXVariantGroup;
			children = (
				B5C2A2411D833F6E006A1C76 /* Base */,
			);
			name = LaunchScreen.storyboard;
			sourceTree = "<group>";
		};
/* End PBXVariantGroup section */

/* Begin XCBuildConfiguration section */
		B5C2A25A1D833F6E006A1C76 /* Debug */ = {
			isa = XCBuildConfiguration;
			buildSettings = {
				ALWAYS_SEARCH_USER_PATHS = NO;
				CLANG_ANALYZER_NONNULL = YES;
				CLANG_CXX_LANGUAGE_STANDARD = "gnu++0x";
				CLANG_CXX_LIBRARY = "libc++";
				CLANG_ENABLE_MODULES = YES;
				CLANG_ENABLE_OBJC_ARC = YES;
				CLANG_WARN_BOOL_CONVERSION = YES;
				CLANG_WARN_CONSTANT_CONVERSION = YES;
				CLANG_WARN_DIRECT_OBJC_ISA_USAGE = YES_ERROR;
				CLANG_WARN_EMPTY_BODY = YES;
				CLANG_WARN_ENUM_CONVERSION = YES;
				CLANG_WARN_INT_CONVERSION = YES;
				CLANG_WARN_OBJC_ROOT_CLASS = YES_ERROR;
				CLANG_WARN_UNREACHABLE_CODE = YES;
				CLANG_WARN__DUPLICATE_METHOD_MATCH = YES;
				"CODE_SIGN_IDENTITY[sdk=iphoneos*]" = "iPhone Developer";
				COPY_PHASE_STRIP = NO;
				DEBUG_INFORMATION_FORMAT = dwarf;
				ENABLE_STRICT_OBJC_MSGSEND = YES;
				ENABLE_TESTABILITY = YES;
				GCC_C_LANGUAGE_STANDARD = gnu99;
				GCC_DYNAMIC_NO_PIC = NO;
				GCC_NO_COMMON_BLOCKS = YES;
				GCC_OPTIMIZATION_LEVEL = 0;
				GCC_PREPROCESSOR_DEFINITIONS = (
					"DEBUG=1",
					"$(inherited)",
				);
				GCC_WARN_64_TO_32_BIT_CONVERSION = YES;
				GCC_WARN_ABOUT_RETURN_TYPE = YES_ERROR;
				GCC_WARN_UNDECLARED_SELECTOR = YES;
				GCC_WARN_UNINITIALIZED_AUTOS = YES_AGGRESSIVE;
				GCC_WARN_UNUSED_FUNCTION = YES;
				GCC_WARN_UNUSED_VARIABLE = YES;
				IPHONEOS_DEPLOYMENT_TARGET = 9.3;
				MTL_ENABLE_DEBUG_INFO = YES;
				ONLY_ACTIVE_ARCH = YES;
				SDKROOT = iphoneos;
				SWIFT_OPTIMIZATION_LEVEL = "-Onone";
			};
			name = Debug;
		};
		B5C2A25B1D833F6E006A1C76 /* Release */ = {
			isa = XCBuildConfiguration;
			buildSettings = {
				ALWAYS_SEARCH_USER_PATHS = NO;
				CLANG_ANALYZER_NONNULL = YES;
				CLANG_CXX_LANGUAGE_STANDARD = "gnu++0x";
				CLANG_CXX_LIBRARY = "libc++";
				CLANG_ENABLE_MODULES = YES;
				CLANG_ENABLE_OBJC_ARC = YES;
				CLANG_WARN_BOOL_CONVERSION = YES;
				CLANG_WARN_CONSTANT_CONVERSION = YES;
				CLANG_WARN_DIRECT_OBJC_ISA_USAGE = YES_ERROR;
				CLANG_WARN_EMPTY_BODY = YES;
				CLANG_WARN_ENUM_CONVERSION = YES;
				CLANG_WARN_INT_CONVERSION = YES;
				CLANG_WARN_OBJC_ROOT_CLASS = YES_ERROR;
				CLANG_WARN_UNREACHABLE_CODE = YES;
				CLANG_WARN__DUPLICATE_METHOD_MATCH = YES;
				"CODE_SIGN_IDENTITY[sdk=iphoneos*]" = "iPhone Developer";
				COPY_PHASE_STRIP = NO;
				DEBUG_INFORMATION_FORMAT = "dwarf-with-dsym";
				ENABLE_NS_ASSERTIONS = NO;
				ENABLE_STRICT_OBJC_MSGSEND = YES;
				GCC_C_LANGUAGE_STANDARD = gnu99;
				GCC_NO_COMMON_BLOCKS = YES;
				GCC_WARN_64_TO_32_BIT_CONVERSION = YES;
				GCC_WARN_ABOUT_RETURN_TYPE = YES_ERROR;
				GCC_WARN_UNDECLARED_SELECTOR = YES;
				GCC_WARN_UNINITIALIZED_AUTOS = YES_AGGRESSIVE;
				GCC_WARN_UNUSED_FUNCTION = YES;
				GCC_WARN_UNUSED_VARIABLE = YES;
				IPHONEOS_DEPLOYMENT_TARGET = 9.3;
				MTL_ENABLE_DEBUG_INFO = NO;
				SDKROOT = iphoneos;
				VALIDATE_PRODUCT = YES;
			};
			name = Release;
		};
		B5C2A25D1D833F6E006A1C76 /* Debug */ = {
			isa = XCBuildConfiguration;
			buildSettings = {
				ASSETCATALOG_COMPILER_APPICON_NAME = AppIcon;
				INFOPLIST_FILE = Calculator/Info.plist;
				LD_RUNPATH_SEARCH_PATHS = "$(inherited) @executable_path/Frameworks";
				PRODUCT_BUNDLE_IDENTIFIER = BS.Calculator;
				PRODUCT_NAME = "$(TARGET_NAME)";
			};
			name = Debug;
		};
		B5C2A25E1D833F6E006A1C76 /* Release */ = {
			isa = XCBuildConfiguration;
			buildSettings = {
				ASSETCATALOG_COMPILER_APPICON_NAME = AppIcon;
				INFOPLIST_FILE = Calculator/Info.plist;
				LD_RUNPATH_SEARCH_PATHS = "$(inherited) @executable_path/Frameworks";
				PRODUCT_BUNDLE_IDENTIFIER = BS.Calculator;
				PRODUCT_NAME = "$(TARGET_NAME)";
			};
			name = Release;
		};
		B5C2A2601D833F6E006A1C76 /* Debug */ = {
			isa = XCBuildConfiguration;
			buildSettings = {
				BUNDLE_LOADER = "$(TEST_HOST)";
				INFOPLIST_FILE = CalculatorTests/Info.plist;
				LD_RUNPATH_SEARCH_PATHS = "$(inherited) @executable_path/Frameworks @loader_path/Frameworks";
				PRODUCT_BUNDLE_IDENTIFIER = BS.CalculatorTests;
				PRODUCT_NAME = "$(TARGET_NAME)";
				TEST_HOST = "$(BUILT_PRODUCTS_DIR)/Calculator.app/Calculator";
			};
			name = Debug;
		};
		B5C2A2611D833F6E006A1C76 /* Release */ = {
			isa = XCBuildConfiguration;
			buildSettings = {
				BUNDLE_LOADER = "$(TEST_HOST)";
				INFOPLIST_FILE = CalculatorTests/Info.plist;
				LD_RUNPATH_SEARCH_PATHS = "$(inherited) @executable_path/Frameworks @loader_path/Frameworks";
				PRODUCT_BUNDLE_IDENTIFIER = BS.CalculatorTests;
				PRODUCT_NAME = "$(TARGET_NAME)";
				TEST_HOST = "$(BUILT_PRODUCTS_DIR)/Calculator.app/Calculator";
			};
			name = Release;
		};
		B5C2A2631D833F6E006A1C76 /* Debug */ = {
			isa = XCBuildConfiguration;
			buildSettings = {
				INFOPLIST_FILE = CalculatorUITests/Info.plist;
				LD_RUNPATH_SEARCH_PATHS = "$(inherited) @executable_path/Frameworks @loader_path/Frameworks";
				PRODUCT_BUNDLE_IDENTIFIER = BS.CalculatorUITests;
				PRODUCT_NAME = "$(TARGET_NAME)";
				TEST_TARGET_NAME = Calculator;
			};
			name = Debug;
		};
		B5C2A2641D833F6E006A1C76 /* Release */ = {
			isa = XCBuildConfiguration;
			buildSettings = {
				INFOPLIST_FILE = CalculatorUITests/Info.plist;
				LD_RUNPATH_SEARCH_PATHS = "$(inherited) @executable_path/Frameworks @loader_path/Frameworks";
				PRODUCT_BUNDLE_IDENTIFIER = BS.CalculatorUITests;
				PRODUCT_NAME = "$(TARGET_NAME)";
				TEST_TARGET_NAME = Calculator;
			};
			name = Release;
		};
/* End XCBuildConfiguration section */

/* Begin XCConfigurationList section */
		B5C2A22F1D833F6D006A1C76 /* Build configuration list for PBXProject "Calculator" */ = {
			isa = XCConfigurationList;
			buildConfigurations = (
				B5C2A25A1D833F6E006A1C76 /* Debug */,
				B5C2A25B1D833F6E006A1C76 /* Release */,
			);
			defaultConfigurationIsVisible = 0;
			defaultConfigurationName = Release;
		};
		B5C2A25C1D833F6E006A1C76 /* Build configuration list for PBXNativeTarget "Calculator" */ = {
			isa = XCConfigurationList;
			buildConfigurations = (
				B5C2A25D1D833F6E006A1C76 /* Debug */,
				B5C2A25E1D833F6E006A1C76 /* Release */,
			);
			defaultConfigurationIsVisible = 0;
		};
		B5C2A25F1D833F6E006A1C76 /* Build configuration list for PBXNativeTarget "CalculatorTests" */ = {
			isa = XCConfigurationList;
			buildConfigurations = (
				B5C2A2601D833F6E006A1C76 /* Debug */,
				B5C2A2611D833F6E006A1C76 /* Release */,
			);
			defaultConfigurationIsVisible = 0;
		};
		B5C2A2621D833F6E006A1C76 /* Build configuration list for PBXNativeTarget "CalculatorUITests" */ = {
			isa = XCConfigurationList;
			buildConfigurations = (
				B5C2A2631D833F6E006A1C76 /* Debug */,
				B5C2A2641D833F6E006A1C76 /* Release */,
			);
			defaultConfigurationIsVisible = 0;
		};
/* End XCConfigurationList section */
	};
	rootObject = B5C2A22C1D833F6D006A1C76 /* Project object */;
}
